
Microsoft Visual Studio Solution File, Format Version 12.00
# Visual Studio Version 16
VisualStudioVersion = 16.0.29209.152
MinimumVisualStudioVersion = 10.0.40219.1
Project("{8BC9CEB8-8B4A-11D0-8D11-00A0C91BC942}") = "Chapter08", "Chapter08\Chapter08.vcxproj", "{14EDC748-6084-4494-92F0-BB46208714AC}"
EndProject
Global
	GlobalSection(SolutionConfigurationPlatforms) = preSolution
		Debug|x64 = Debug|x64
		Debug|x86 = Debug|x86
		Release|x64 = Release|x64
		Release|x86 = Release|x86
	EndGlobalSection
	GlobalSection(ProjectConfigurationPlatforms) = postSolution
		{14EDC748-6084-4494-92F0-BB46208714AC}.Debug|x64.ActiveCfg = Debug|x64
		{14EDC748-6084-4494-92F0-BB46208714AC}.Debug|x64.Build.0 = Debug|x64
		{14EDC748-6084-4494-92F0-BB46208714AC}.Debug|x86.ActiveCfg = Debug|Win32
		{14EDC748-6084-4494-92F0-BB46208714AC}.Debug|x86.Build.0 = Debug|Win32
		{14EDC748-6084-4494-92F0-BB46208714AC}.Release|x64.ActiveCfg = Release|x64
		{14EDC748-6084-4494-92F0-BB46208714AC}.Release|x64.Build.0 = Release|x64
		{14EDC748-6084-4494-92F0-BB46208714AC}.Release|x86.ActiveCfg = Release|Win32
		{14EDC748-6084-4494-92F0-BB46208714AC}.Release|x86.Build.0 = Release|Win32
	EndGlobalSection
	GlobalSection(SolutionProperties) = preSolution
		HideSolutionNode = FALSE
	EndGlobalSection
	GlobalSection(ExtensibilityGlobals) = postSolution
		SolutionGuid = {3960E3C3-6EFF-45D2-8D37-5A69DCE9B15E}
	EndGlobalSection
EndGlobal
