
Microsoft Visual Studio Solution File, Format Version 12.00
# Visual Studio Version 16
VisualStudioVersion = 16.0.29209.152
MinimumVisualStudioVersion = 10.0.40219.1
Project("{8BC9CEB8-8B4A-11D0-8D11-00A0C91BC942}") = "Chapter24", "Chapter24\Chapter24.vcxproj", "{CBE603B7-4B39-48F1-ABE7-EE2606F0226F}"
EndProject
Global
	GlobalSection(SolutionConfigurationPlatforms) = preSolution
		Debug|x64 = Debug|x64
		Debug|x86 = Debug|x86
		Release|x64 = Release|x64
		Release|x86 = Release|x86
	EndGlobalSection
	GlobalSection(ProjectConfigurationPlatforms) = postSolution
		{CBE603B7-4B39-48F1-ABE7-EE2606F0226F}.Debug|x64.ActiveCfg = Debug|x64
		{CBE603B7-4B39-48F1-ABE7-EE2606F0226F}.Debug|x64.Build.0 = Debug|x64
		{CBE603B7-4B39-48F1-ABE7-EE2606F0226F}.Debug|x86.ActiveCfg = Debug|Win32
		{CBE603B7-4B39-48F1-ABE7-EE2606F0226F}.Debug|x86.Build.0 = Debug|Win32
		{CBE603B7-4B39-48F1-ABE7-EE2606F0226F}.Release|x64.ActiveCfg = Release|x64
		{CBE603B7-4B39-48F1-ABE7-EE2606F0226F}.Release|x64.Build.0 = Release|x64
		{CBE603B7-4B39-48F1-ABE7-EE2606F0226F}.Release|x86.ActiveCfg = Release|Win32
		{CBE603B7-4B39-48F1-ABE7-EE2606F0226F}.Release|x86.Build.0 = Release|Win32
	EndGlobalSection
	GlobalSection(SolutionProperties) = preSolution
		HideSolutionNode = FALSE
	EndGlobalSection
	GlobalSection(ExtensibilityGlobals) = postSolution
		SolutionGuid = {1984956E-AC67-411E-9A0D-79C670BE5765}
	EndGlobalSection
EndGlobal
