
Microsoft Visual Studio Solution File, Format Version 12.00
# Visual Studio Version 16
VisualStudioVersion = 16.0.30503.244
MinimumVisualStudioVersion = 10.0.40219.1
Project("{8BC9CEB8-8B4A-11D0-8D11-00A0C91BC942}") = "B-Tree", "B-Tree\B-Tree.vcxproj", "{D2204A9C-A6AF-47EA-AACA-652AF528A394}"
EndProject
Global
	GlobalSection(SolutionConfigurationPlatforms) = preSolution
		Debug|x64 = Debug|x64
		Debug|x86 = Debug|x86
		Release|x64 = Release|x64
		Release|x86 = Release|x86
	EndGlobalSection
	GlobalSection(ProjectConfigurationPlatforms) = postSolution
		{D2204A9C-A6AF-47EA-AACA-652AF528A394}.Debug|x64.ActiveCfg = Debug|x64
		{D2204A9C-A6AF-47EA-AACA-652AF528A394}.Debug|x64.Build.0 = Debug|x64
		{D2204A9C-A6AF-47EA-AACA-652AF528A394}.Debug|x86.ActiveCfg = Debug|Win32
		{D2204A9C-A6AF-47EA-AACA-652AF528A394}.Debug|x86.Build.0 = Debug|Win32
		{D2204A9C-A6AF-47EA-AACA-652AF528A394}.Release|x64.ActiveCfg = Release|x64
		{D2204A9C-A6AF-47EA-AACA-652AF528A394}.Release|x64.Build.0 = Release|x64
		{D2204A9C-A6AF-47EA-AACA-652AF528A394}.Release|x86.ActiveCfg = Release|Win32
		{D2204A9C-A6AF-47EA-AACA-652AF528A394}.Release|x86.Build.0 = Release|Win32
	EndGlobalSection
	GlobalSection(SolutionProperties) = preSolution
		HideSolutionNode = FALSE
	EndGlobalSection
	GlobalSection(ExtensibilityGlobals) = postSolution
		SolutionGuid = {EEB3F07F-CC33-457A-9A8D-7568AFB157CD}
	EndGlobalSection
EndGlobal
