
Microsoft Visual Studio Solution File, Format Version 12.00
# Visual Studio Version 16
VisualStudioVersion = 16.0.29209.152
MinimumVisualStudioVersion = 10.0.40219.1
Project("{8BC9CEB8-8B4A-11D0-8D11-00A0C91BC942}") = "027-Check Number Whether Sum of Two Prime", "027-Check Number Whether Sum of Two Prime\027-Check Number Whether Sum of Two Prime.vcxproj", "{E4EDAB9E-624D-46D6-8246-332B07E9965C}"
EndProject
Global
	GlobalSection(SolutionConfigurationPlatforms) = preSolution
		Debug|x64 = Debug|x64
		Debug|x86 = Debug|x86
		Release|x64 = Release|x64
		Release|x86 = Release|x86
	EndGlobalSection
	GlobalSection(ProjectConfigurationPlatforms) = postSolution
		{E4EDAB9E-624D-46D6-8246-332B07E9965C}.Debug|x64.ActiveCfg = Debug|x64
		{E4EDAB9E-624D-46D6-8246-332B07E9965C}.Debug|x64.Build.0 = Debug|x64
		{E4EDAB9E-624D-46D6-8246-332B07E9965C}.Debug|x86.ActiveCfg = Debug|Win32
		{E4EDAB9E-624D-46D6-8246-332B07E9965C}.Debug|x86.Build.0 = Debug|Win32
		{E4EDAB9E-624D-46D6-8246-332B07E9965C}.Release|x64.ActiveCfg = Release|x64
		{E4EDAB9E-624D-46D6-8246-332B07E9965C}.Release|x64.Build.0 = Release|x64
		{E4EDAB9E-624D-46D6-8246-332B07E9965C}.Release|x86.ActiveCfg = Release|Win32
		{E4EDAB9E-624D-46D6-8246-332B07E9965C}.Release|x86.Build.0 = Release|Win32
	EndGlobalSection
	GlobalSection(SolutionProperties) = preSolution
		HideSolutionNode = FALSE
	EndGlobalSection
	GlobalSection(ExtensibilityGlobals) = postSolution
		SolutionGuid = {4DAB3372-CF34-4EB5-947B-C7662F91E8AD}
	EndGlobalSection
EndGlobal
