
Microsoft Visual Studio Solution File, Format Version 12.00
# Visual Studio Version 16
VisualStudioVersion = 16.0.29209.152
MinimumVisualStudioVersion = 10.0.40219.1
Project("{8BC9CEB8-8B4A-11D0-8D11-00A0C91BC942}") = "Chapter25", "Chapter25\Chapter25.vcxproj", "{E8AA48CD-1C2C-4533-8986-F099FB591FFF}"
EndProject
Global
	GlobalSection(SolutionConfigurationPlatforms) = preSolution
		Debug|x64 = Debug|x64
		Debug|x86 = Debug|x86
		Release|x64 = Release|x64
		Release|x86 = Release|x86
	EndGlobalSection
	GlobalSection(ProjectConfigurationPlatforms) = postSolution
		{E8AA48CD-1C2C-4533-8986-F099FB591FFF}.Debug|x64.ActiveCfg = Debug|x64
		{E8AA48CD-1C2C-4533-8986-F099FB591FFF}.Debug|x64.Build.0 = Debug|x64
		{E8AA48CD-1C2C-4533-8986-F099FB591FFF}.Debug|x86.ActiveCfg = Debug|Win32
		{E8AA48CD-1C2C-4533-8986-F099FB591FFF}.Debug|x86.Build.0 = Debug|Win32
		{E8AA48CD-1C2C-4533-8986-F099FB591FFF}.Release|x64.ActiveCfg = Release|x64
		{E8AA48CD-1C2C-4533-8986-F099FB591FFF}.Release|x64.Build.0 = Release|x64
		{E8AA48CD-1C2C-4533-8986-F099FB591FFF}.Release|x86.ActiveCfg = Release|Win32
		{E8AA48CD-1C2C-4533-8986-F099FB591FFF}.Release|x86.Build.0 = Release|Win32
	EndGlobalSection
	GlobalSection(SolutionProperties) = preSolution
		HideSolutionNode = FALSE
	EndGlobalSection
	GlobalSection(ExtensibilityGlobals) = postSolution
		SolutionGuid = {97772955-EA97-4B76-B1C4-C64D905E35CC}
	EndGlobalSection
EndGlobal
