
Microsoft Visual Studio Solution File, Format Version 12.00
# Visual Studio Version 16
VisualStudioVersion = 16.0.29123.89
MinimumVisualStudioVersion = 10.0.40219.1
Project("{8BC9CEB8-8B4A-11D0-8D11-00A0C91BC942}") = "PR1-10-Übungseinheit", "PR1-10-Übungseinheit\PR1-10-Übungseinheit.vcxproj", "{3BB701F1-634E-471D-BF69-9D5017679FD2}"
EndProject
Global
	GlobalSection(SolutionConfigurationPlatforms) = preSolution
		Debug|x64 = Debug|x64
		Debug|x86 = Debug|x86
		Release|x64 = Release|x64
		Release|x86 = Release|x86
	EndGlobalSection
	GlobalSection(ProjectConfigurationPlatforms) = postSolution
		{3BB701F1-634E-471D-BF69-9D5017679FD2}.Debug|x64.ActiveCfg = Debug|x64
		{3BB701F1-634E-471D-BF69-9D5017679FD2}.Debug|x64.Build.0 = Debug|x64
		{3BB701F1-634E-471D-BF69-9D5017679FD2}.Debug|x86.ActiveCfg = Debug|Win32
		{3BB701F1-634E-471D-BF69-9D5017679FD2}.Debug|x86.Build.0 = Debug|Win32
		{3BB701F1-634E-471D-BF69-9D5017679FD2}.Release|x64.ActiveCfg = Release|x64
		{3BB701F1-634E-471D-BF69-9D5017679FD2}.Release|x64.Build.0 = Release|x64
		{3BB701F1-634E-471D-BF69-9D5017679FD2}.Release|x86.ActiveCfg = Release|Win32
		{3BB701F1-634E-471D-BF69-9D5017679FD2}.Release|x86.Build.0 = Release|Win32
	EndGlobalSection
	GlobalSection(SolutionProperties) = preSolution
		HideSolutionNode = FALSE
	EndGlobalSection
	GlobalSection(ExtensibilityGlobals) = postSolution
		SolutionGuid = {D182893E-C500-4697-BA2A-89C644E0C16B}
	EndGlobalSection
EndGlobal
