
Microsoft Visual Studio Solution File, Format Version 12.00
# Visual Studio Version 16
VisualStudioVersion = 16.0.29123.89
MinimumVisualStudioVersion = 10.0.40219.1
Project("{8BC9CEB8-8B4A-11D0-8D11-00A0C91BC942}") = "PR1-07-Übungseinheit", "PR1-07-Übungseinheit\PR1-07-Übungseinheit.vcxproj", "{8CA880D9-4ECB-4E59-8F1B-9B8D4ABBA372}"
EndProject
Global
	GlobalSection(SolutionConfigurationPlatforms) = preSolution
		Debug|x64 = Debug|x64
		Debug|x86 = Debug|x86
		Release|x64 = Release|x64
		Release|x86 = Release|x86
	EndGlobalSection
	GlobalSection(ProjectConfigurationPlatforms) = postSolution
		{8CA880D9-4ECB-4E59-8F1B-9B8D4ABBA372}.Debug|x64.ActiveCfg = Debug|x64
		{8CA880D9-4ECB-4E59-8F1B-9B8D4ABBA372}.Debug|x64.Build.0 = Debug|x64
		{8CA880D9-4ECB-4E59-8F1B-9B8D4ABBA372}.Debug|x86.ActiveCfg = Debug|Win32
		{8CA880D9-4ECB-4E59-8F1B-9B8D4ABBA372}.Debug|x86.Build.0 = Debug|Win32
		{8CA880D9-4ECB-4E59-8F1B-9B8D4ABBA372}.Release|x64.ActiveCfg = Release|x64
		{8CA880D9-4ECB-4E59-8F1B-9B8D4ABBA372}.Release|x64.Build.0 = Release|x64
		{8CA880D9-4ECB-4E59-8F1B-9B8D4ABBA372}.Release|x86.ActiveCfg = Release|Win32
		{8CA880D9-4ECB-4E59-8F1B-9B8D4ABBA372}.Release|x86.Build.0 = Release|Win32
	EndGlobalSection
	GlobalSection(SolutionProperties) = preSolution
		HideSolutionNode = FALSE
	EndGlobalSection
	GlobalSection(ExtensibilityGlobals) = postSolution
		SolutionGuid = {6CADD54D-DB13-4F4A-AEB6-F81E0D7B7ACB}
	EndGlobalSection
EndGlobal
