
Microsoft Visual Studio Solution File, Format Version 12.00
# Visual Studio Version 16
VisualStudioVersion = 16.0.29123.89
MinimumVisualStudioVersion = 10.0.40219.1
Project("{8BC9CEB8-8B4A-11D0-8D11-00A0C91BC942}") = "010-Find All Roots of a Quadratic Equation", "010-Find All Roots of a Quadratic Equation\010-Find All Roots of a Quadratic Equation.vcxproj", "{A1F6F115-D0A7-47CF-92F9-753105648851}"
EndProject
Global
	GlobalSection(SolutionConfigurationPlatforms) = preSolution
		Debug|x64 = Debug|x64
		Debug|x86 = Debug|x86
		Release|x64 = Release|x64
		Release|x86 = Release|x86
	EndGlobalSection
	GlobalSection(ProjectConfigurationPlatforms) = postSolution
		{A1F6F115-D0A7-47CF-92F9-753105648851}.Debug|x64.ActiveCfg = Debug|x64
		{A1F6F115-D0A7-47CF-92F9-753105648851}.Debug|x64.Build.0 = Debug|x64
		{A1F6F115-D0A7-47CF-92F9-753105648851}.Debug|x86.ActiveCfg = Debug|Win32
		{A1F6F115-D0A7-47CF-92F9-753105648851}.Debug|x86.Build.0 = Debug|Win32
		{A1F6F115-D0A7-47CF-92F9-753105648851}.Release|x64.ActiveCfg = Release|x64
		{A1F6F115-D0A7-47CF-92F9-753105648851}.Release|x64.Build.0 = Release|x64
		{A1F6F115-D0A7-47CF-92F9-753105648851}.Release|x86.ActiveCfg = Release|Win32
		{A1F6F115-D0A7-47CF-92F9-753105648851}.Release|x86.Build.0 = Release|Win32
	EndGlobalSection
	GlobalSection(SolutionProperties) = preSolution
		HideSolutionNode = FALSE
	EndGlobalSection
	GlobalSection(ExtensibilityGlobals) = postSolution
		SolutionGuid = {7E8A6FE1-3023-42A5-ACB5-86991AE79826}
	EndGlobalSection
EndGlobal
