
Microsoft Visual Studio Solution File, Format Version 12.00
# Visual Studio Version 16
VisualStudioVersion = 16.0.29123.89
MinimumVisualStudioVersion = 10.0.40219.1
Project("{8BC9CEB8-8B4A-11D0-8D11-00A0C91BC942}") = "Zug", "Zug\Zug.vcxproj", "{A70BCBC2-2437-4EA2-8F58-03DAFF62F93B}"
EndProject
Global
	GlobalSection(SolutionConfigurationPlatforms) = preSolution
		Debug|x64 = Debug|x64
		Debug|x86 = Debug|x86
		Release|x64 = Release|x64
		Release|x86 = Release|x86
	EndGlobalSection
	GlobalSection(ProjectConfigurationPlatforms) = postSolution
		{A70BCBC2-2437-4EA2-8F58-03DAFF62F93B}.Debug|x64.ActiveCfg = Debug|x64
		{A70BCBC2-2437-4EA2-8F58-03DAFF62F93B}.Debug|x64.Build.0 = Debug|x64
		{A70BCBC2-2437-4EA2-8F58-03DAFF62F93B}.Debug|x86.ActiveCfg = Debug|Win32
		{A70BCBC2-2437-4EA2-8F58-03DAFF62F93B}.Debug|x86.Build.0 = Debug|Win32
		{A70BCBC2-2437-4EA2-8F58-03DAFF62F93B}.Release|x64.ActiveCfg = Release|x64
		{A70BCBC2-2437-4EA2-8F58-03DAFF62F93B}.Release|x64.Build.0 = Release|x64
		{A70BCBC2-2437-4EA2-8F58-03DAFF62F93B}.Release|x86.ActiveCfg = Release|Win32
		{A70BCBC2-2437-4EA2-8F58-03DAFF62F93B}.Release|x86.Build.0 = Release|Win32
	EndGlobalSection
	GlobalSection(SolutionProperties) = preSolution
		HideSolutionNode = FALSE
	EndGlobalSection
	GlobalSection(ExtensibilityGlobals) = postSolution
		SolutionGuid = {4F8C03A2-C430-4216-8B0D-AA3170CC25B2}
	EndGlobalSection
EndGlobal
