
Microsoft Visual Studio Solution File, Format Version 12.00
# Visual Studio Version 16
VisualStudioVersion = 16.0.29123.89
MinimumVisualStudioVersion = 10.0.40219.1
Project("{8BC9CEB8-8B4A-11D0-8D11-00A0C91BC942}") = "021-Find LCM", "021-Find LCM\021-Find LCM.vcxproj", "{4A59E126-2BE3-4D83-A84B-C5CDF9105BEA}"
EndProject
Global
	GlobalSection(SolutionConfigurationPlatforms) = preSolution
		Debug|x64 = Debug|x64
		Debug|x86 = Debug|x86
		Release|x64 = Release|x64
		Release|x86 = Release|x86
	EndGlobalSection
	GlobalSection(ProjectConfigurationPlatforms) = postSolution
		{4A59E126-2BE3-4D83-A84B-C5CDF9105BEA}.Debug|x64.ActiveCfg = Debug|x64
		{4A59E126-2BE3-4D83-A84B-C5CDF9105BEA}.Debug|x64.Build.0 = Debug|x64
		{4A59E126-2BE3-4D83-A84B-C5CDF9105BEA}.Debug|x86.ActiveCfg = Debug|Win32
		{4A59E126-2BE3-4D83-A84B-C5CDF9105BEA}.Debug|x86.Build.0 = Debug|Win32
		{4A59E126-2BE3-4D83-A84B-C5CDF9105BEA}.Release|x64.ActiveCfg = Release|x64
		{4A59E126-2BE3-4D83-A84B-C5CDF9105BEA}.Release|x64.Build.0 = Release|x64
		{4A59E126-2BE3-4D83-A84B-C5CDF9105BEA}.Release|x86.ActiveCfg = Release|Win32
		{4A59E126-2BE3-4D83-A84B-C5CDF9105BEA}.Release|x86.Build.0 = Release|Win32
	EndGlobalSection
	GlobalSection(SolutionProperties) = preSolution
		HideSolutionNode = FALSE
	EndGlobalSection
	GlobalSection(ExtensibilityGlobals) = postSolution
		SolutionGuid = {9B33D6E9-A670-4CBA-ADC3-311B9E096BA7}
	EndGlobalSection
EndGlobal
