
Microsoft Visual Studio Solution File, Format Version 12.00
# Visual Studio Version 16
VisualStudioVersion = 16.0.29123.89
MinimumVisualStudioVersion = 10.0.40219.1
Project("{8BC9CEB8-8B4A-11D0-8D11-00A0C91BC942}") = "018-Generate Multiplication Table", "018-Generate Multiplication Table\018-Generate Multiplication Table.vcxproj", "{23E88C07-F618-4DF9-A43B-FF4C2F152061}"
EndProject
Global
	GlobalSection(SolutionConfigurationPlatforms) = preSolution
		Debug|x64 = Debug|x64
		Debug|x86 = Debug|x86
		Release|x64 = Release|x64
		Release|x86 = Release|x86
	EndGlobalSection
	GlobalSection(ProjectConfigurationPlatforms) = postSolution
		{23E88C07-F618-4DF9-A43B-FF4C2F152061}.Debug|x64.ActiveCfg = Debug|x64
		{23E88C07-F618-4DF9-A43B-FF4C2F152061}.Debug|x64.Build.0 = Debug|x64
		{23E88C07-F618-4DF9-A43B-FF4C2F152061}.Debug|x86.ActiveCfg = Debug|Win32
		{23E88C07-F618-4DF9-A43B-FF4C2F152061}.Debug|x86.Build.0 = Debug|Win32
		{23E88C07-F618-4DF9-A43B-FF4C2F152061}.Release|x64.ActiveCfg = Release|x64
		{23E88C07-F618-4DF9-A43B-FF4C2F152061}.Release|x64.Build.0 = Release|x64
		{23E88C07-F618-4DF9-A43B-FF4C2F152061}.Release|x86.ActiveCfg = Release|Win32
		{23E88C07-F618-4DF9-A43B-FF4C2F152061}.Release|x86.Build.0 = Release|Win32
	EndGlobalSection
	GlobalSection(SolutionProperties) = preSolution
		HideSolutionNode = FALSE
	EndGlobalSection
	GlobalSection(ExtensibilityGlobals) = postSolution
		SolutionGuid = {2AC6597A-4085-48E3-A9DD-8CB74B8EF1B5}
	EndGlobalSection
EndGlobal
