
Microsoft Visual Studio Solution File, Format Version 12.00
# Visual Studio Version 16
VisualStudioVersion = 16.0.29209.152
MinimumVisualStudioVersion = 10.0.40219.1
Project("{8BC9CEB8-8B4A-11D0-8D11-00A0C91BC942}") = "Chapter04", "Chapter04\Chapter04.vcxproj", "{370F808A-B4BD-40EF-AEA7-93D043984461}"
EndProject
Global
	GlobalSection(SolutionConfigurationPlatforms) = preSolution
		Debug|x64 = Debug|x64
		Debug|x86 = Debug|x86
		Release|x64 = Release|x64
		Release|x86 = Release|x86
	EndGlobalSection
	GlobalSection(ProjectConfigurationPlatforms) = postSolution
		{370F808A-B4BD-40EF-AEA7-93D043984461}.Debug|x64.ActiveCfg = Debug|x64
		{370F808A-B4BD-40EF-AEA7-93D043984461}.Debug|x64.Build.0 = Debug|x64
		{370F808A-B4BD-40EF-AEA7-93D043984461}.Debug|x86.ActiveCfg = Debug|Win32
		{370F808A-B4BD-40EF-AEA7-93D043984461}.Debug|x86.Build.0 = Debug|Win32
		{370F808A-B4BD-40EF-AEA7-93D043984461}.Release|x64.ActiveCfg = Release|x64
		{370F808A-B4BD-40EF-AEA7-93D043984461}.Release|x64.Build.0 = Release|x64
		{370F808A-B4BD-40EF-AEA7-93D043984461}.Release|x86.ActiveCfg = Release|Win32
		{370F808A-B4BD-40EF-AEA7-93D043984461}.Release|x86.Build.0 = Release|Win32
	EndGlobalSection
	GlobalSection(SolutionProperties) = preSolution
		HideSolutionNode = FALSE
	EndGlobalSection
	GlobalSection(ExtensibilityGlobals) = postSolution
		SolutionGuid = {A8882C57-F3FA-4562-81E1-524FD7D87090}
	EndGlobalSection
EndGlobal
